{
  "name": "groove",
  "lockfileVersion": 3,
  "requires": true,
  "packages": {
    "": {
      "name": "groove",
      "workspaces": [
        "packages/*"
      ]
    },
    "node_modules/issue-standards": {
      "resolved": "packages/issue-standards",
      "link": true
    },
    "node_modules/linear-agent-hooks": {
      "resolved": "packages/linear-agent-hooks",
      "link": true
    },
    "node_modules/llm-cost-attribution": {
      "resolved": "packages/llm-cost-attribution",
      "link": true
    },
    "node_modules/llm-cost-estimation": {
      "resolved": "packages/llm-cost-estimation",
      "link": true
    },
    "packages/issue-standards": {
      "version": "0.1.0",
      "license": "MIT",
      "bin": {
        "issue-standards": "bin/setup.mjs"
      },
      "engines": {
        "node": ">=18"
      }
    },
    "packages/linear-agent-hooks": {
      "version": "0.1.0",
      "license": "MIT",
      "bin": {
        "linear-agent-hooks": "bin/setup.mjs"
      },
      "engines": {
        "node": ">=18"
      }
    },
    "packages/llm-cost-attribution": {
      "version": "0.1.1",
      "license": "MIT",
      "bin": {
        "llm-cost": "bin/llm-cost.mjs"
      },
      "engines": {
        "node": ">=20"
      }
    },
    "packages/llm-cost-estimation": {
      "version": "0.1.0",
      "license": "MIT",
      "dependencies": {
        "llm-cost-attribution": "*"
      },
      "bin": {
        "llm-cost-estimate": "bin/llm-cost-estimate.mjs"
      },
      "engines": {
        "node": ">=20"
      }
    }
  }
}
